
Microsoft Visual Studio Solution File, Format Version 12.00
# Visual Studio 15
VisualStudioVersion = 15.0.26730.8
MinimumVisualStudioVersion = 10.0.40219.1
Project("{9A19103F-16F7-4668-BE54-9A1E7A4F7556}") = "Dapper", "Dapper\Dapper.csproj", "{FAC24C3F-68F9-4247-A4B9-21D487E99275}"
EndProject
Project("{9A19103F-16F7-4668-BE54-9A1E7A4F7556}") = "Dapper.Tests", "Dapper.Tests\Dapper.Tests.csproj", "{052C0817-DB26-4925-8929-8C5E42D148D5}"
EndProject
Project("{9A19103F-16F7-4668-BE54-9A1E7A4F7556}") = "Dapper.Tests.Contrib", "Dapper.Tests.Contrib\Dapper.Tests.Contrib.csproj", "{DAB3C5B7-BCD1-4A5F-BB6B-50D2BB63DB4A}"
EndProject
Global
	GlobalSection(SolutionConfigurationPlatforms) = preSolution
		Debug|Any CPU = Debug|Any CPU
		Release|Any CPU = Release|Any CPU
	EndGlobalSection
	GlobalSection(ProjectConfigurationPlatforms) = postSolution
		{FAC24C3F-68F9-4247-A4B9-21D487E99275}.Debug|Any CPU.ActiveCfg = Debug|Any CPU
		{FAC24C3F-68F9-4247-A4B9-21D487E99275}.Debug|Any CPU.Build.0 = Debug|Any CPU
		{FAC24C3F-68F9-4247-A4B9-21D487E99275}.Release|Any CPU.ActiveCfg = Release|Any CPU
		{FAC24C3F-68F9-4247-A4B9-21D487E99275}.Release|Any CPU.Build.0 = Release|Any CPU
		{052C0817-DB26-4925-8929-8C5E42D148D5}.Debug|Any CPU.ActiveCfg = Debug|Any CPU
		{052C0817-DB26-4925-8929-8C5E42D148D5}.Debug|Any CPU.Build.0 = Debug|Any CPU
		{052C0817-DB26-4925-8929-8C5E42D148D5}.Release|Any CPU.ActiveCfg = Release|Any CPU
		{052C0817-DB26-4925-8929-8C5E42D148D5}.Release|Any CPU.Build.0 = Release|Any CPU
		{DAB3C5B7-BCD1-4A5F-BB6B-50D2BB63DB4A}.Debug|Any CPU.ActiveCfg = Debug|Any CPU
		{DAB3C5B7-BCD1-4A5F-BB6B-50D2BB63DB4A}.Debug|Any CPU.Build.0 = Debug|Any CPU
		{DAB3C5B7-BCD1-4A5F-BB6B-50D2BB63DB4A}.Release|Any CPU.ActiveCfg = Release|Any CPU
		{DAB3C5B7-BCD1-4A5F-BB6B-50D2BB63DB4A}.Release|Any CPU.Build.0 = Release|Any CPU
	EndGlobalSection
	GlobalSection(SolutionProperties) = preSolution
		HideSolutionNode = FALSE
	EndGlobalSection
	GlobalSection(ExtensibilityGlobals) = postSolution
		SolutionGuid = {928A4226-96F3-409A-8A83-9E7444488710}
	EndGlobalSection
EndGlobal
