
Microsoft Visual Studio Solution File, Format Version 12.00
# Visual Studio 15
VisualStudioVersion = 15.0.26730.8
MinimumVisualStudioVersion = 10.0.40219.1
Project("{9A19103F-16F7-4668-BE54-9A1E7A4F7556}") = "Yunyong.DataExchange", "EasyDAL.Exchange\Yunyong.DataExchange.csproj", "{F855E75C-7452-4427-A10F-414FC6DADE04}"
EndProject
Project("{9A19103F-16F7-4668-BE54-9A1E7A4F7556}") = "EasyDAL.Test", "EasyDAL.Exchange.Tests\EasyDAL.Test.csproj", "{CB195413-53C3-4A18-B7EB-0BB6476BE6E3}"
EndProject
Project("{FAE04EC0-301F-11D3-BF4B-00C04F79EFBC}") = "EasyDAL.Test.Query", "EasyDAL.Test.Query\EasyDAL.Test.Query.csproj", "{623DEC4C-6189-4E0F-8ADD-2CC02CE39941}"
EndProject
Project("{FAE04EC0-301F-11D3-BF4B-00C04F79EFBC}") = "EasyDAL.Test.Update", "EasyDAL.Test.Update\EasyDAL.Test.Update.csproj", "{E52DFE01-C8E2-4E91-8217-3568960D959F}"
EndProject
Project("{FAE04EC0-301F-11D3-BF4B-00C04F79EFBC}") = "EasyDAL.Test.Delete", "EasyDAL.Test.Delete\EasyDAL.Test.Delete.csproj", "{47F0DADF-8254-4DA6-B03F-A7D3B75E8CC7}"
EndProject
Project("{FAE04EC0-301F-11D3-BF4B-00C04F79EFBC}") = "EasyDAL.Test.Create", "EasyDAL.Test.Create\EasyDAL.Test.Create.csproj", "{F06614FE-C7A0-489E-9D2E-9C01932A76FF}"
EndProject
Global
	GlobalSection(SolutionConfigurationPlatforms) = preSolution
		Debug|Any CPU = Debug|Any CPU
		Release|Any CPU = Release|Any CPU
	EndGlobalSection
	GlobalSection(ProjectConfigurationPlatforms) = postSolution
		{F855E75C-7452-4427-A10F-414FC6DADE04}.Debug|Any CPU.ActiveCfg = Debug|Any CPU
		{F855E75C-7452-4427-A10F-414FC6DADE04}.Debug|Any CPU.Build.0 = Debug|Any CPU
		{F855E75C-7452-4427-A10F-414FC6DADE04}.Release|Any CPU.ActiveCfg = Release|Any CPU
		{F855E75C-7452-4427-A10F-414FC6DADE04}.Release|Any CPU.Build.0 = Release|Any CPU
		{CB195413-53C3-4A18-B7EB-0BB6476BE6E3}.Debug|Any CPU.ActiveCfg = Debug|Any CPU
		{CB195413-53C3-4A18-B7EB-0BB6476BE6E3}.Debug|Any CPU.Build.0 = Debug|Any CPU
		{CB195413-53C3-4A18-B7EB-0BB6476BE6E3}.Release|Any CPU.ActiveCfg = Release|Any CPU
		{CB195413-53C3-4A18-B7EB-0BB6476BE6E3}.Release|Any CPU.Build.0 = Release|Any CPU
		{623DEC4C-6189-4E0F-8ADD-2CC02CE39941}.Debug|Any CPU.ActiveCfg = Debug|Any CPU
		{623DEC4C-6189-4E0F-8ADD-2CC02CE39941}.Debug|Any CPU.Build.0 = Debug|Any CPU
		{623DEC4C-6189-4E0F-8ADD-2CC02CE39941}.Release|Any CPU.ActiveCfg = Release|Any CPU
		{623DEC4C-6189-4E0F-8ADD-2CC02CE39941}.Release|Any CPU.Build.0 = Release|Any CPU
		{E52DFE01-C8E2-4E91-8217-3568960D959F}.Debug|Any CPU.ActiveCfg = Debug|Any CPU
		{E52DFE01-C8E2-4E91-8217-3568960D959F}.Debug|Any CPU.Build.0 = Debug|Any CPU
		{E52DFE01-C8E2-4E91-8217-3568960D959F}.Release|Any CPU.ActiveCfg = Release|Any CPU
		{E52DFE01-C8E2-4E91-8217-3568960D959F}.Release|Any CPU.Build.0 = Release|Any CPU
		{47F0DADF-8254-4DA6-B03F-A7D3B75E8CC7}.Debug|Any CPU.ActiveCfg = Debug|Any CPU
		{47F0DADF-8254-4DA6-B03F-A7D3B75E8CC7}.Debug|Any CPU.Build.0 = Debug|Any CPU
		{47F0DADF-8254-4DA6-B03F-A7D3B75E8CC7}.Release|Any CPU.ActiveCfg = Release|Any CPU
		{47F0DADF-8254-4DA6-B03F-A7D3B75E8CC7}.Release|Any CPU.Build.0 = Release|Any CPU
		{F06614FE-C7A0-489E-9D2E-9C01932A76FF}.Debug|Any CPU.ActiveCfg = Debug|Any CPU
		{F06614FE-C7A0-489E-9D2E-9C01932A76FF}.Debug|Any CPU.Build.0 = Debug|Any CPU
		{F06614FE-C7A0-489E-9D2E-9C01932A76FF}.Release|Any CPU.ActiveCfg = Release|Any CPU
		{F06614FE-C7A0-489E-9D2E-9C01932A76FF}.Release|Any CPU.Build.0 = Release|Any CPU
	EndGlobalSection
	GlobalSection(SolutionProperties) = preSolution
		HideSolutionNode = FALSE
	EndGlobalSection
	GlobalSection(ExtensibilityGlobals) = postSolution
		SolutionGuid = {928A4226-96F3-409A-8A83-9E7444488710}
	EndGlobalSection
EndGlobal
