
Microsoft Visual Studio Solution File, Format Version 12.00
# Visual Studio Version 16
VisualStudioVersion = 16.0.28729.10
MinimumVisualStudioVersion = 10.0.40219.1
Project("{9A19103F-16F7-4668-BE54-9A1E7A4F7556}") = "MyDAL.Test", "MyDAL.Test\MyDAL.Test.csproj", "{49257E37-9A65-4922-B1CF-D87BCA69F8B3}"
EndProject
Project("{9A19103F-16F7-4668-BE54-9A1E7A4F7556}") = "MyDAL", "MyDAL\MyDAL.csproj", "{06C72481-97EA-45A9-BE4D-9ED33DACC9D5}"
EndProject
Project("{2150E333-8FDC-42A3-9474-1A3956D46DE8}") = "NetCore21", "NetCore21", "{01469E72-6B01-413A-832F-9777EA94EB8D}"
EndProject
Project("{2150E333-8FDC-42A3-9474-1A3956D46DE8}") = "Net461", "Net461", "{B620FBF7-97BF-4502-9E7B-27C827D51147}"
EndProject
Project("{9A19103F-16F7-4668-BE54-9A1E7A4F7556}") = "MyDAL.Test.Create", "NetCore21\MyDAL.Test.Create\MyDAL.Test.Create.csproj", "{5829C0AC-E4EC-48F1-8533-408A8B72B304}"
EndProject
Project("{9A19103F-16F7-4668-BE54-9A1E7A4F7556}") = "MyDAL.Test.Delete", "NetCore21\MyDAL.Test.Delete\MyDAL.Test.Delete.csproj", "{A74BB1A4-934F-4694-9DA8-50901BA15315}"
EndProject
Project("{9A19103F-16F7-4668-BE54-9A1E7A4F7556}") = "MyDAL.Test.Func", "NetCore21\MyDAL.Test.Func\MyDAL.Test.Func.csproj", "{C2BD5791-F7B1-4728-A7AF-569DDA9EF9F7}"
EndProject
Project("{9A19103F-16F7-4668-BE54-9A1E7A4F7556}") = "MyDAL.Test.Update", "NetCore21\MyDAL.Test.Update\MyDAL.Test.Update.csproj", "{BBF02104-5708-4EC8-B53C-E3CD604CDCDD}"
EndProject
Project("{9A19103F-16F7-4668-BE54-9A1E7A4F7556}") = "MyDAL.Test.WhereEdge", "NetCore21\MyDAL.Test.WhereEdge\MyDAL.Test.WhereEdge.csproj", "{B3CCC64B-606E-45A0-8B54-7FD3103882DC}"
EndProject
Project("{9A19103F-16F7-4668-BE54-9A1E7A4F7556}") = "MyDAL.Test.Parallel", "MyDAL.Test.Parallel\MyDAL.Test.Parallel.csproj", "{C4D2355B-C9A1-4C9D-95FD-ACAFD40B7701}"
EndProject
Project("{9A19103F-16F7-4668-BE54-9A1E7A4F7556}") = "MyDAL.Test.QueryAPI", "NetCore21\MyDAL.Test.QueryAPI\MyDAL.Test.QueryAPI.csproj", "{1E8F11BE-CB4E-4F18-AF49-F5427FF8A3E6}"
EndProject
Project("{9A19103F-16F7-4668-BE54-9A1E7A4F7556}") = "MyDAL.Test.Compare", "NetCore21\MyDAL.Test.Compare\MyDAL.Test.Compare.csproj", "{0B8E1B54-FF38-45B2-AA97-D3D14327C989}"
EndProject
Project("{2150E333-8FDC-42A3-9474-1A3956D46DE8}") = "Docs", "Docs", "{5AA2915B-8D46-40EA-9C10-993571F2C19A}"
	ProjectSection(SolutionItems) = preProject
		Code_of_Conduct.md = Code_of_Conduct.md
		CONTRIBUTING.md = CONTRIBUTING.md
		License = License
		PULL_REQUEST_TEMPLATE.md = PULL_REQUEST_TEMPLATE.md
		Readme.md = Readme.md
	EndProjectSection
EndProject
Project("{9A19103F-16F7-4668-BE54-9A1E7A4F7556}") = "MyDAL.Test.Tools", "NetCore21\MyDAL.Test.Tools\MyDAL.Test.Tools.csproj", "{06D7652A-29A3-4651-8511-A6542FFAF8BB}"
EndProject
Project("{FAE04EC0-301F-11D3-BF4B-00C04F79EFBC}") = "MyDAL.Test.DataRecovery", "MyDAL.Test.DataRecovery\MyDAL.Test.DataRecovery.csproj", "{D86E2D4B-8619-4D15-9F3A-1D148894B5DE}"
EndProject
Project("{FAE04EC0-301F-11D3-BF4B-00C04F79EFBC}") = "MyDAL.Test2.Create", "Net461\MyDAL.Test2.Create\MyDAL.Test2.Create.csproj", "{A438DD59-BC69-486E-8E1A-BFDD7B2731E2}"
EndProject
Project("{FAE04EC0-301F-11D3-BF4B-00C04F79EFBC}") = "MyDAL.Test2.Delete", "Net461\MyDAL.Test2.Delete\MyDAL.Test2.Delete.csproj", "{B1DB0882-42D5-424C-A921-1828D8A87E19}"
EndProject
Project("{FAE04EC0-301F-11D3-BF4B-00C04F79EFBC}") = "MyDAL.Test2.Query", "Net461\MyDAL.Test2.Query\MyDAL.Test2.Query.csproj", "{3D31E21A-DEA5-4B3F-8891-24E604A9222E}"
EndProject
Project("{FAE04EC0-301F-11D3-BF4B-00C04F79EFBC}") = "MyDAL.Test2.Update", "Net461\MyDAL.Test2.Update\MyDAL.Test2.Update.csproj", "{4B1493C5-5206-47A8-A5DF-766C7EAC6EC8}"
EndProject
Project("{2150E333-8FDC-42A3-9474-1A3956D46DE8}") = "Net462", "Net462", "{0BD680CF-701A-48F0-8853-4B15EA5A3901}"
EndProject
Project("{FAE04EC0-301F-11D3-BF4B-00C04F79EFBC}") = "MyDAL.Test3.Query", "Net462\MyDAL.Test3.Query\MyDAL.Test3.Query.csproj", "{1371A406-E39B-4078-9981-47BC1CBD713F}"
EndProject
Project("{9A19103F-16F7-4668-BE54-9A1E7A4F7556}") = "MyDAL.Test.SqlAction", "NetCore21\MyDAL.Test.SqlAction\MyDAL.Test.SqlAction.csproj", "{C8C70E10-A016-4D6D-8852-C65C662ED5BE}"
EndProject
Project("{9A19103F-16F7-4668-BE54-9A1E7A4F7556}") = "MyDAL.Test.CsFunc", "NetCore21\MyDAL.Test.CsFunc\MyDAL.Test.CsFunc.csproj", "{347CAF9D-63A1-4809-9E0E-DE9EBA9056ED}"
EndProject
Global
	GlobalSection(SolutionConfigurationPlatforms) = preSolution
		Debug|Any CPU = Debug|Any CPU
		Release|Any CPU = Release|Any CPU
	EndGlobalSection
	GlobalSection(ProjectConfigurationPlatforms) = postSolution
		{49257E37-9A65-4922-B1CF-D87BCA69F8B3}.Debug|Any CPU.ActiveCfg = Debug|Any CPU
		{49257E37-9A65-4922-B1CF-D87BCA69F8B3}.Debug|Any CPU.Build.0 = Debug|Any CPU
		{49257E37-9A65-4922-B1CF-D87BCA69F8B3}.Release|Any CPU.ActiveCfg = Release|Any CPU
		{49257E37-9A65-4922-B1CF-D87BCA69F8B3}.Release|Any CPU.Build.0 = Release|Any CPU
		{06C72481-97EA-45A9-BE4D-9ED33DACC9D5}.Debug|Any CPU.ActiveCfg = Debug|Any CPU
		{06C72481-97EA-45A9-BE4D-9ED33DACC9D5}.Debug|Any CPU.Build.0 = Debug|Any CPU
		{06C72481-97EA-45A9-BE4D-9ED33DACC9D5}.Release|Any CPU.ActiveCfg = Release|Any CPU
		{06C72481-97EA-45A9-BE4D-9ED33DACC9D5}.Release|Any CPU.Build.0 = Release|Any CPU
		{5829C0AC-E4EC-48F1-8533-408A8B72B304}.Debug|Any CPU.ActiveCfg = Debug|Any CPU
		{5829C0AC-E4EC-48F1-8533-408A8B72B304}.Debug|Any CPU.Build.0 = Debug|Any CPU
		{5829C0AC-E4EC-48F1-8533-408A8B72B304}.Release|Any CPU.ActiveCfg = Release|Any CPU
		{5829C0AC-E4EC-48F1-8533-408A8B72B304}.Release|Any CPU.Build.0 = Release|Any CPU
		{A74BB1A4-934F-4694-9DA8-50901BA15315}.Debug|Any CPU.ActiveCfg = Debug|Any CPU
		{A74BB1A4-934F-4694-9DA8-50901BA15315}.Debug|Any CPU.Build.0 = Debug|Any CPU
		{A74BB1A4-934F-4694-9DA8-50901BA15315}.Release|Any CPU.ActiveCfg = Release|Any CPU
		{A74BB1A4-934F-4694-9DA8-50901BA15315}.Release|Any CPU.Build.0 = Release|Any CPU
		{C2BD5791-F7B1-4728-A7AF-569DDA9EF9F7}.Debug|Any CPU.ActiveCfg = Debug|Any CPU
		{C2BD5791-F7B1-4728-A7AF-569DDA9EF9F7}.Debug|Any CPU.Build.0 = Debug|Any CPU
		{C2BD5791-F7B1-4728-A7AF-569DDA9EF9F7}.Release|Any CPU.ActiveCfg = Release|Any CPU
		{C2BD5791-F7B1-4728-A7AF-569DDA9EF9F7}.Release|Any CPU.Build.0 = Release|Any CPU
		{BBF02104-5708-4EC8-B53C-E3CD604CDCDD}.Debug|Any CPU.ActiveCfg = Debug|Any CPU
		{BBF02104-5708-4EC8-B53C-E3CD604CDCDD}.Debug|Any CPU.Build.0 = Debug|Any CPU
		{BBF02104-5708-4EC8-B53C-E3CD604CDCDD}.Release|Any CPU.ActiveCfg = Release|Any CPU
		{BBF02104-5708-4EC8-B53C-E3CD604CDCDD}.Release|Any CPU.Build.0 = Release|Any CPU
		{B3CCC64B-606E-45A0-8B54-7FD3103882DC}.Debug|Any CPU.ActiveCfg = Debug|Any CPU
		{B3CCC64B-606E-45A0-8B54-7FD3103882DC}.Debug|Any CPU.Build.0 = Debug|Any CPU
		{B3CCC64B-606E-45A0-8B54-7FD3103882DC}.Release|Any CPU.ActiveCfg = Release|Any CPU
		{B3CCC64B-606E-45A0-8B54-7FD3103882DC}.Release|Any CPU.Build.0 = Release|Any CPU
		{C4D2355B-C9A1-4C9D-95FD-ACAFD40B7701}.Debug|Any CPU.ActiveCfg = Debug|Any CPU
		{C4D2355B-C9A1-4C9D-95FD-ACAFD40B7701}.Debug|Any CPU.Build.0 = Debug|Any CPU
		{C4D2355B-C9A1-4C9D-95FD-ACAFD40B7701}.Release|Any CPU.ActiveCfg = Release|Any CPU
		{C4D2355B-C9A1-4C9D-95FD-ACAFD40B7701}.Release|Any CPU.Build.0 = Release|Any CPU
		{1E8F11BE-CB4E-4F18-AF49-F5427FF8A3E6}.Debug|Any CPU.ActiveCfg = Debug|Any CPU
		{1E8F11BE-CB4E-4F18-AF49-F5427FF8A3E6}.Debug|Any CPU.Build.0 = Debug|Any CPU
		{1E8F11BE-CB4E-4F18-AF49-F5427FF8A3E6}.Release|Any CPU.ActiveCfg = Release|Any CPU
		{1E8F11BE-CB4E-4F18-AF49-F5427FF8A3E6}.Release|Any CPU.Build.0 = Release|Any CPU
		{0B8E1B54-FF38-45B2-AA97-D3D14327C989}.Debug|Any CPU.ActiveCfg = Debug|Any CPU
		{0B8E1B54-FF38-45B2-AA97-D3D14327C989}.Debug|Any CPU.Build.0 = Debug|Any CPU
		{0B8E1B54-FF38-45B2-AA97-D3D14327C989}.Release|Any CPU.ActiveCfg = Release|Any CPU
		{0B8E1B54-FF38-45B2-AA97-D3D14327C989}.Release|Any CPU.Build.0 = Release|Any CPU
		{06D7652A-29A3-4651-8511-A6542FFAF8BB}.Debug|Any CPU.ActiveCfg = Debug|Any CPU
		{06D7652A-29A3-4651-8511-A6542FFAF8BB}.Debug|Any CPU.Build.0 = Debug|Any CPU
		{06D7652A-29A3-4651-8511-A6542FFAF8BB}.Release|Any CPU.ActiveCfg = Release|Any CPU
		{06D7652A-29A3-4651-8511-A6542FFAF8BB}.Release|Any CPU.Build.0 = Release|Any CPU
		{D86E2D4B-8619-4D15-9F3A-1D148894B5DE}.Debug|Any CPU.ActiveCfg = Debug|Any CPU
		{D86E2D4B-8619-4D15-9F3A-1D148894B5DE}.Debug|Any CPU.Build.0 = Debug|Any CPU
		{D86E2D4B-8619-4D15-9F3A-1D148894B5DE}.Release|Any CPU.ActiveCfg = Release|Any CPU
		{D86E2D4B-8619-4D15-9F3A-1D148894B5DE}.Release|Any CPU.Build.0 = Release|Any CPU
		{A438DD59-BC69-486E-8E1A-BFDD7B2731E2}.Debug|Any CPU.ActiveCfg = Debug|Any CPU
		{A438DD59-BC69-486E-8E1A-BFDD7B2731E2}.Debug|Any CPU.Build.0 = Debug|Any CPU
		{A438DD59-BC69-486E-8E1A-BFDD7B2731E2}.Release|Any CPU.ActiveCfg = Release|Any CPU
		{A438DD59-BC69-486E-8E1A-BFDD7B2731E2}.Release|Any CPU.Build.0 = Release|Any CPU
		{B1DB0882-42D5-424C-A921-1828D8A87E19}.Debug|Any CPU.ActiveCfg = Debug|Any CPU
		{B1DB0882-42D5-424C-A921-1828D8A87E19}.Debug|Any CPU.Build.0 = Debug|Any CPU
		{B1DB0882-42D5-424C-A921-1828D8A87E19}.Release|Any CPU.ActiveCfg = Release|Any CPU
		{B1DB0882-42D5-424C-A921-1828D8A87E19}.Release|Any CPU.Build.0 = Release|Any CPU
		{3D31E21A-DEA5-4B3F-8891-24E604A9222E}.Debug|Any CPU.ActiveCfg = Debug|Any CPU
		{3D31E21A-DEA5-4B3F-8891-24E604A9222E}.Debug|Any CPU.Build.0 = Debug|Any CPU
		{3D31E21A-DEA5-4B3F-8891-24E604A9222E}.Release|Any CPU.ActiveCfg = Release|Any CPU
		{3D31E21A-DEA5-4B3F-8891-24E604A9222E}.Release|Any CPU.Build.0 = Release|Any CPU
		{4B1493C5-5206-47A8-A5DF-766C7EAC6EC8}.Debug|Any CPU.ActiveCfg = Debug|Any CPU
		{4B1493C5-5206-47A8-A5DF-766C7EAC6EC8}.Debug|Any CPU.Build.0 = Debug|Any CPU
		{4B1493C5-5206-47A8-A5DF-766C7EAC6EC8}.Release|Any CPU.ActiveCfg = Release|Any CPU
		{4B1493C5-5206-47A8-A5DF-766C7EAC6EC8}.Release|Any CPU.Build.0 = Release|Any CPU
		{1371A406-E39B-4078-9981-47BC1CBD713F}.Debug|Any CPU.ActiveCfg = Debug|Any CPU
		{1371A406-E39B-4078-9981-47BC1CBD713F}.Debug|Any CPU.Build.0 = Debug|Any CPU
		{1371A406-E39B-4078-9981-47BC1CBD713F}.Release|Any CPU.ActiveCfg = Release|Any CPU
		{1371A406-E39B-4078-9981-47BC1CBD713F}.Release|Any CPU.Build.0 = Release|Any CPU
		{C8C70E10-A016-4D6D-8852-C65C662ED5BE}.Debug|Any CPU.ActiveCfg = Debug|Any CPU
		{C8C70E10-A016-4D6D-8852-C65C662ED5BE}.Debug|Any CPU.Build.0 = Debug|Any CPU
		{C8C70E10-A016-4D6D-8852-C65C662ED5BE}.Release|Any CPU.ActiveCfg = Release|Any CPU
		{C8C70E10-A016-4D6D-8852-C65C662ED5BE}.Release|Any CPU.Build.0 = Release|Any CPU
		{347CAF9D-63A1-4809-9E0E-DE9EBA9056ED}.Debug|Any CPU.ActiveCfg = Debug|Any CPU
		{347CAF9D-63A1-4809-9E0E-DE9EBA9056ED}.Debug|Any CPU.Build.0 = Debug|Any CPU
		{347CAF9D-63A1-4809-9E0E-DE9EBA9056ED}.Release|Any CPU.ActiveCfg = Release|Any CPU
		{347CAF9D-63A1-4809-9E0E-DE9EBA9056ED}.Release|Any CPU.Build.0 = Release|Any CPU
	EndGlobalSection
	GlobalSection(SolutionProperties) = preSolution
		HideSolutionNode = FALSE
	EndGlobalSection
	GlobalSection(NestedProjects) = preSolution
		{5829C0AC-E4EC-48F1-8533-408A8B72B304} = {01469E72-6B01-413A-832F-9777EA94EB8D}
		{A74BB1A4-934F-4694-9DA8-50901BA15315} = {01469E72-6B01-413A-832F-9777EA94EB8D}
		{C2BD5791-F7B1-4728-A7AF-569DDA9EF9F7} = {01469E72-6B01-413A-832F-9777EA94EB8D}
		{BBF02104-5708-4EC8-B53C-E3CD604CDCDD} = {01469E72-6B01-413A-832F-9777EA94EB8D}
		{B3CCC64B-606E-45A0-8B54-7FD3103882DC} = {01469E72-6B01-413A-832F-9777EA94EB8D}
		{1E8F11BE-CB4E-4F18-AF49-F5427FF8A3E6} = {01469E72-6B01-413A-832F-9777EA94EB8D}
		{0B8E1B54-FF38-45B2-AA97-D3D14327C989} = {01469E72-6B01-413A-832F-9777EA94EB8D}
		{06D7652A-29A3-4651-8511-A6542FFAF8BB} = {01469E72-6B01-413A-832F-9777EA94EB8D}
		{A438DD59-BC69-486E-8E1A-BFDD7B2731E2} = {B620FBF7-97BF-4502-9E7B-27C827D51147}
		{B1DB0882-42D5-424C-A921-1828D8A87E19} = {B620FBF7-97BF-4502-9E7B-27C827D51147}
		{3D31E21A-DEA5-4B3F-8891-24E604A9222E} = {B620FBF7-97BF-4502-9E7B-27C827D51147}
		{4B1493C5-5206-47A8-A5DF-766C7EAC6EC8} = {B620FBF7-97BF-4502-9E7B-27C827D51147}
		{1371A406-E39B-4078-9981-47BC1CBD713F} = {0BD680CF-701A-48F0-8853-4B15EA5A3901}
		{C8C70E10-A016-4D6D-8852-C65C662ED5BE} = {01469E72-6B01-413A-832F-9777EA94EB8D}
		{347CAF9D-63A1-4809-9E0E-DE9EBA9056ED} = {01469E72-6B01-413A-832F-9777EA94EB8D}
	EndGlobalSection
	GlobalSection(ExtensibilityGlobals) = postSolution
		SolutionGuid = {928A4226-96F3-409A-8A83-9E7444488710}
	EndGlobalSection
EndGlobal
