
Microsoft Visual Studio Solution File, Format Version 12.00
# Visual Studio Version 16
VisualStudioVersion = 16.0.28729.10
MinimumVisualStudioVersion = 10.0.40219.1
Project("{9A19103F-16F7-4668-BE54-9A1E7A4F7556}") = "MyDAL", "MyDAL\MyDAL.csproj", "{06C72481-97EA-45A9-BE4D-9ED33DACC9D5}"
EndProject
Project("{2150E333-8FDC-42A3-9474-1A3956D46DE8}") = "Docs", "Docs", "{5AA2915B-8D46-40EA-9C10-993571F2C19A}"
	ProjectSection(SolutionItems) = preProject
		Code_of_Conduct.md = Code_of_Conduct.md
		CONTRIBUTING.md = CONTRIBUTING.md
		License = License
		LTS版本计划.png = LTS版本计划.png
		LTS版本计划.txt = LTS版本计划.txt
		PULL_REQUEST_TEMPLATE.md = PULL_REQUEST_TEMPLATE.md
		Readme.md = Readme.md
	EndProjectSection
EndProject
Project("{2150E333-8FDC-42A3-9474-1A3956D46DE8}") = "OtherOrmIssues", "OtherOrmIssues", "{747B3F1D-611D-4BAC-81E9-78FE31227682}"
EndProject
Project("{2150E333-8FDC-42A3-9474-1A3956D46DE8}") = "Linq2sql", "Linq2sql", "{84DBB20F-0889-4F7C-9F8F-0F5FEC4B7A15}"
	ProjectSection(SolutionItems) = preProject
		OtherOrmIssues\EntityFramework\01-常见问题-EF-query-滥用.jpg = OtherOrmIssues\EntityFramework\01-常见问题-EF-query-滥用.jpg
		OtherOrmIssues\EntityFramework\02-常见问题-EF-join-滥用.jpg = OtherOrmIssues\EntityFramework\02-常见问题-EF-join-滥用.jpg
	EndProjectSection
EndProject
Project("{2150E333-8FDC-42A3-9474-1A3956D46DE8}") = "Asserts", "Asserts", "{A6ABE0DE-65BC-47AF-9AB0-493F309B5681}"
	ProjectSection(SolutionItems) = preProject
		Asserts\MyDAL.ico = Asserts\MyDAL.ico
		Asserts\MyDAL.pfx = Asserts\MyDAL.pfx
		Asserts\MyDAL_black.png = Asserts\MyDAL_black.png
		Asserts\MyDAL_origin.png = Asserts\MyDAL_origin.png
		Asserts\MyDAL_white.png = Asserts\MyDAL_white.png
	EndProjectSection
EndProject
Project("{2150E333-8FDC-42A3-9474-1A3956D46DE8}") = "SyncMethod", "SyncMethod", "{F9638D46-CC52-44A9-B247-B1D4D28E1124}"
EndProject
Project("{2150E333-8FDC-42A3-9474-1A3956D46DE8}") = "AsyncMethod", "AsyncMethod", "{8C56055A-CF29-4AF8-947A-F301B0B73673}"
EndProject
Project("{2150E333-8FDC-42A3-9474-1A3956D46DE8}") = "Parallel", "Parallel", "{5058569C-110E-4418-B09F-81D8F09C4AF4}"
EndProject
Project("{2150E333-8FDC-42A3-9474-1A3956D46DE8}") = "Example and Test", "Example and Test", "{754F34DC-1500-4ED5-8AE4-9FD25F758FA5}"
EndProject
Project("{2150E333-8FDC-42A3-9474-1A3956D46DE8}") = "EntityFramework", "EntityFramework", "{CE24A4F0-4655-4255-8188-680D0D8B693D}"
EndProject
Project("{2150E333-8FDC-42A3-9474-1A3956D46DE8}") = "Dapper", "Dapper", "{C68D97F8-1AA6-4BDE-A2F2-B83D01A4B172}"
EndProject
Project("{2150E333-8FDC-42A3-9474-1A3956D46DE8}") = "NetCore31", "NetCore31", "{15BC9EA5-EA2D-48E9-80F1-8FEBB837CE11}"
EndProject
Project("{9A19103F-16F7-4668-BE54-9A1E7A4F7556}") = "MyDAL.Compare", "Example and Test\AsyncMethod\NetCore31\MyDAL.Compare\MyDAL.Compare.csproj", "{E5D162AE-6FC7-483E-86D0-EF011C458013}"
EndProject
Project("{9A19103F-16F7-4668-BE54-9A1E7A4F7556}") = "MyDAL.Create", "Example and Test\AsyncMethod\NetCore31\MyDAL.Create\MyDAL.Create.csproj", "{AB21FA1C-D01A-410D-92F6-66528C2587F5}"
EndProject
Project("{9A19103F-16F7-4668-BE54-9A1E7A4F7556}") = "MyDAL.CsFunc", "Example and Test\AsyncMethod\NetCore31\MyDAL.CsFunc\MyDAL.CsFunc.csproj", "{5844FC94-54A3-4E7F-93B4-DF47ED41F78D}"
EndProject
Project("{9A19103F-16F7-4668-BE54-9A1E7A4F7556}") = "MyDAL.Delete", "Example and Test\AsyncMethod\NetCore31\MyDAL.Delete\MyDAL.Delete.csproj", "{7F95F43F-17BD-483F-8766-003CC2B621B2}"
EndProject
Project("{9A19103F-16F7-4668-BE54-9A1E7A4F7556}") = "MyDAL.Func", "Example and Test\AsyncMethod\NetCore31\MyDAL.Func\MyDAL.Func.csproj", "{AB2414C4-6AC1-4C9C-A758-BF7FB23D8141}"
EndProject
Project("{9A19103F-16F7-4668-BE54-9A1E7A4F7556}") = "MyDAL.QueryAPI", "Example and Test\AsyncMethod\NetCore31\MyDAL.QueryAPI\MyDAL.QueryAPI.csproj", "{30BAD75B-570F-42F4-9C54-21B4E5B48AEF}"
EndProject
Project("{9A19103F-16F7-4668-BE54-9A1E7A4F7556}") = "MyDAL.SqlAction", "Example and Test\AsyncMethod\NetCore31\MyDAL.SqlAction\MyDAL.SqlAction.csproj", "{3E60B9EB-4E76-413C-8962-1EBB20519CBA}"
EndProject
Project("{9A19103F-16F7-4668-BE54-9A1E7A4F7556}") = "MyDAL.Tools", "Example and Test\AsyncMethod\NetCore31\MyDAL.Tools\MyDAL.Tools.csproj", "{CA20C7CE-113A-4F83-BA2D-2EC201B60D90}"
EndProject
Project("{9A19103F-16F7-4668-BE54-9A1E7A4F7556}") = "MyDAL.Update", "Example and Test\AsyncMethod\NetCore31\MyDAL.Update\MyDAL.Update.csproj", "{C5A7BE18-869E-43BB-B3FF-D4314998A908}"
EndProject
Project("{9A19103F-16F7-4668-BE54-9A1E7A4F7556}") = "MyDAL.WhereEdge", "Example and Test\AsyncMethod\NetCore31\MyDAL.WhereEdge\MyDAL.WhereEdge.csproj", "{6B3BDE10-99A6-47E0-AB43-F4A375283B5D}"
EndProject
Project("{9A19103F-16F7-4668-BE54-9A1E7A4F7556}") = "MyDAL.Parallel", "Example and Test\Parallel\MyDAL.Parallel\MyDAL.Parallel.csproj", "{290F5A17-0097-4A0F-9B47-F8FF8B385350}"
EndProject
Project("{9A19103F-16F7-4668-BE54-9A1E7A4F7556}") = "MyDAL.Data", "Example and Test\MyDAL.Test\MyDAL.Data.csproj", "{400CE933-B8D9-4BCF-875B-147A478145F8}"
EndProject
Project("{9A19103F-16F7-4668-BE54-9A1E7A4F7556}") = "MyDAL.Connector", "Example and Test\MyDAL.Connector\MyDAL.Connector.csproj", "{6E3A56EF-9565-41D5-945E-9220753D8A49}"
EndProject
Project("{9A19103F-16F7-4668-BE54-9A1E7A4F7556}") = "MyDAL.Devart", "Example and Test\MyDAL.Devart\MyDAL.Devart.csproj", "{A39127E6-14E2-4391-B143-406BB814F440}"
EndProject
Global
	GlobalSection(SolutionConfigurationPlatforms) = preSolution
		Debug|Any CPU = Debug|Any CPU
		Release|Any CPU = Release|Any CPU
	EndGlobalSection
	GlobalSection(ProjectConfigurationPlatforms) = postSolution
		{06C72481-97EA-45A9-BE4D-9ED33DACC9D5}.Debug|Any CPU.ActiveCfg = Debug|Any CPU
		{06C72481-97EA-45A9-BE4D-9ED33DACC9D5}.Debug|Any CPU.Build.0 = Debug|Any CPU
		{06C72481-97EA-45A9-BE4D-9ED33DACC9D5}.Release|Any CPU.ActiveCfg = Release|Any CPU
		{06C72481-97EA-45A9-BE4D-9ED33DACC9D5}.Release|Any CPU.Build.0 = Release|Any CPU
		{E5D162AE-6FC7-483E-86D0-EF011C458013}.Debug|Any CPU.ActiveCfg = Debug|Any CPU
		{E5D162AE-6FC7-483E-86D0-EF011C458013}.Debug|Any CPU.Build.0 = Debug|Any CPU
		{E5D162AE-6FC7-483E-86D0-EF011C458013}.Release|Any CPU.ActiveCfg = Release|Any CPU
		{E5D162AE-6FC7-483E-86D0-EF011C458013}.Release|Any CPU.Build.0 = Release|Any CPU
		{AB21FA1C-D01A-410D-92F6-66528C2587F5}.Debug|Any CPU.ActiveCfg = Debug|Any CPU
		{AB21FA1C-D01A-410D-92F6-66528C2587F5}.Debug|Any CPU.Build.0 = Debug|Any CPU
		{AB21FA1C-D01A-410D-92F6-66528C2587F5}.Release|Any CPU.ActiveCfg = Release|Any CPU
		{AB21FA1C-D01A-410D-92F6-66528C2587F5}.Release|Any CPU.Build.0 = Release|Any CPU
		{5844FC94-54A3-4E7F-93B4-DF47ED41F78D}.Debug|Any CPU.ActiveCfg = Debug|Any CPU
		{5844FC94-54A3-4E7F-93B4-DF47ED41F78D}.Debug|Any CPU.Build.0 = Debug|Any CPU
		{5844FC94-54A3-4E7F-93B4-DF47ED41F78D}.Release|Any CPU.ActiveCfg = Release|Any CPU
		{5844FC94-54A3-4E7F-93B4-DF47ED41F78D}.Release|Any CPU.Build.0 = Release|Any CPU
		{7F95F43F-17BD-483F-8766-003CC2B621B2}.Debug|Any CPU.ActiveCfg = Debug|Any CPU
		{7F95F43F-17BD-483F-8766-003CC2B621B2}.Debug|Any CPU.Build.0 = Debug|Any CPU
		{7F95F43F-17BD-483F-8766-003CC2B621B2}.Release|Any CPU.ActiveCfg = Release|Any CPU
		{7F95F43F-17BD-483F-8766-003CC2B621B2}.Release|Any CPU.Build.0 = Release|Any CPU
		{AB2414C4-6AC1-4C9C-A758-BF7FB23D8141}.Debug|Any CPU.ActiveCfg = Debug|Any CPU
		{AB2414C4-6AC1-4C9C-A758-BF7FB23D8141}.Debug|Any CPU.Build.0 = Debug|Any CPU
		{AB2414C4-6AC1-4C9C-A758-BF7FB23D8141}.Release|Any CPU.ActiveCfg = Release|Any CPU
		{AB2414C4-6AC1-4C9C-A758-BF7FB23D8141}.Release|Any CPU.Build.0 = Release|Any CPU
		{30BAD75B-570F-42F4-9C54-21B4E5B48AEF}.Debug|Any CPU.ActiveCfg = Debug|Any CPU
		{30BAD75B-570F-42F4-9C54-21B4E5B48AEF}.Debug|Any CPU.Build.0 = Debug|Any CPU
		{30BAD75B-570F-42F4-9C54-21B4E5B48AEF}.Release|Any CPU.ActiveCfg = Release|Any CPU
		{30BAD75B-570F-42F4-9C54-21B4E5B48AEF}.Release|Any CPU.Build.0 = Release|Any CPU
		{3E60B9EB-4E76-413C-8962-1EBB20519CBA}.Debug|Any CPU.ActiveCfg = Debug|Any CPU
		{3E60B9EB-4E76-413C-8962-1EBB20519CBA}.Debug|Any CPU.Build.0 = Debug|Any CPU
		{3E60B9EB-4E76-413C-8962-1EBB20519CBA}.Release|Any CPU.ActiveCfg = Release|Any CPU
		{3E60B9EB-4E76-413C-8962-1EBB20519CBA}.Release|Any CPU.Build.0 = Release|Any CPU
		{CA20C7CE-113A-4F83-BA2D-2EC201B60D90}.Debug|Any CPU.ActiveCfg = Debug|Any CPU
		{CA20C7CE-113A-4F83-BA2D-2EC201B60D90}.Debug|Any CPU.Build.0 = Debug|Any CPU
		{CA20C7CE-113A-4F83-BA2D-2EC201B60D90}.Release|Any CPU.ActiveCfg = Release|Any CPU
		{CA20C7CE-113A-4F83-BA2D-2EC201B60D90}.Release|Any CPU.Build.0 = Release|Any CPU
		{C5A7BE18-869E-43BB-B3FF-D4314998A908}.Debug|Any CPU.ActiveCfg = Debug|Any CPU
		{C5A7BE18-869E-43BB-B3FF-D4314998A908}.Debug|Any CPU.Build.0 = Debug|Any CPU
		{C5A7BE18-869E-43BB-B3FF-D4314998A908}.Release|Any CPU.ActiveCfg = Release|Any CPU
		{C5A7BE18-869E-43BB-B3FF-D4314998A908}.Release|Any CPU.Build.0 = Release|Any CPU
		{6B3BDE10-99A6-47E0-AB43-F4A375283B5D}.Debug|Any CPU.ActiveCfg = Debug|Any CPU
		{6B3BDE10-99A6-47E0-AB43-F4A375283B5D}.Debug|Any CPU.Build.0 = Debug|Any CPU
		{6B3BDE10-99A6-47E0-AB43-F4A375283B5D}.Release|Any CPU.ActiveCfg = Release|Any CPU
		{6B3BDE10-99A6-47E0-AB43-F4A375283B5D}.Release|Any CPU.Build.0 = Release|Any CPU
		{290F5A17-0097-4A0F-9B47-F8FF8B385350}.Debug|Any CPU.ActiveCfg = Debug|Any CPU
		{290F5A17-0097-4A0F-9B47-F8FF8B385350}.Debug|Any CPU.Build.0 = Debug|Any CPU
		{290F5A17-0097-4A0F-9B47-F8FF8B385350}.Release|Any CPU.ActiveCfg = Release|Any CPU
		{290F5A17-0097-4A0F-9B47-F8FF8B385350}.Release|Any CPU.Build.0 = Release|Any CPU
		{400CE933-B8D9-4BCF-875B-147A478145F8}.Debug|Any CPU.ActiveCfg = Debug|Any CPU
		{400CE933-B8D9-4BCF-875B-147A478145F8}.Debug|Any CPU.Build.0 = Debug|Any CPU
		{400CE933-B8D9-4BCF-875B-147A478145F8}.Release|Any CPU.ActiveCfg = Release|Any CPU
		{400CE933-B8D9-4BCF-875B-147A478145F8}.Release|Any CPU.Build.0 = Release|Any CPU
		{6E3A56EF-9565-41D5-945E-9220753D8A49}.Debug|Any CPU.ActiveCfg = Debug|Any CPU
		{6E3A56EF-9565-41D5-945E-9220753D8A49}.Debug|Any CPU.Build.0 = Debug|Any CPU
		{6E3A56EF-9565-41D5-945E-9220753D8A49}.Release|Any CPU.ActiveCfg = Release|Any CPU
		{6E3A56EF-9565-41D5-945E-9220753D8A49}.Release|Any CPU.Build.0 = Release|Any CPU
		{A39127E6-14E2-4391-B143-406BB814F440}.Debug|Any CPU.ActiveCfg = Debug|Any CPU
		{A39127E6-14E2-4391-B143-406BB814F440}.Debug|Any CPU.Build.0 = Debug|Any CPU
		{A39127E6-14E2-4391-B143-406BB814F440}.Release|Any CPU.ActiveCfg = Release|Any CPU
		{A39127E6-14E2-4391-B143-406BB814F440}.Release|Any CPU.Build.0 = Release|Any CPU
	EndGlobalSection
	GlobalSection(SolutionProperties) = preSolution
		HideSolutionNode = FALSE
	EndGlobalSection
	GlobalSection(NestedProjects) = preSolution
		{84DBB20F-0889-4F7C-9F8F-0F5FEC4B7A15} = {747B3F1D-611D-4BAC-81E9-78FE31227682}
		{F9638D46-CC52-44A9-B247-B1D4D28E1124} = {754F34DC-1500-4ED5-8AE4-9FD25F758FA5}
		{8C56055A-CF29-4AF8-947A-F301B0B73673} = {754F34DC-1500-4ED5-8AE4-9FD25F758FA5}
		{5058569C-110E-4418-B09F-81D8F09C4AF4} = {754F34DC-1500-4ED5-8AE4-9FD25F758FA5}
		{CE24A4F0-4655-4255-8188-680D0D8B693D} = {747B3F1D-611D-4BAC-81E9-78FE31227682}
		{C68D97F8-1AA6-4BDE-A2F2-B83D01A4B172} = {747B3F1D-611D-4BAC-81E9-78FE31227682}
		{15BC9EA5-EA2D-48E9-80F1-8FEBB837CE11} = {8C56055A-CF29-4AF8-947A-F301B0B73673}
		{E5D162AE-6FC7-483E-86D0-EF011C458013} = {15BC9EA5-EA2D-48E9-80F1-8FEBB837CE11}
		{AB21FA1C-D01A-410D-92F6-66528C2587F5} = {15BC9EA5-EA2D-48E9-80F1-8FEBB837CE11}
		{5844FC94-54A3-4E7F-93B4-DF47ED41F78D} = {15BC9EA5-EA2D-48E9-80F1-8FEBB837CE11}
		{7F95F43F-17BD-483F-8766-003CC2B621B2} = {15BC9EA5-EA2D-48E9-80F1-8FEBB837CE11}
		{AB2414C4-6AC1-4C9C-A758-BF7FB23D8141} = {15BC9EA5-EA2D-48E9-80F1-8FEBB837CE11}
		{30BAD75B-570F-42F4-9C54-21B4E5B48AEF} = {15BC9EA5-EA2D-48E9-80F1-8FEBB837CE11}
		{3E60B9EB-4E76-413C-8962-1EBB20519CBA} = {15BC9EA5-EA2D-48E9-80F1-8FEBB837CE11}
		{CA20C7CE-113A-4F83-BA2D-2EC201B60D90} = {15BC9EA5-EA2D-48E9-80F1-8FEBB837CE11}
		{C5A7BE18-869E-43BB-B3FF-D4314998A908} = {15BC9EA5-EA2D-48E9-80F1-8FEBB837CE11}
		{6B3BDE10-99A6-47E0-AB43-F4A375283B5D} = {15BC9EA5-EA2D-48E9-80F1-8FEBB837CE11}
		{290F5A17-0097-4A0F-9B47-F8FF8B385350} = {5058569C-110E-4418-B09F-81D8F09C4AF4}
		{400CE933-B8D9-4BCF-875B-147A478145F8} = {754F34DC-1500-4ED5-8AE4-9FD25F758FA5}
		{6E3A56EF-9565-41D5-945E-9220753D8A49} = {754F34DC-1500-4ED5-8AE4-9FD25F758FA5}
		{A39127E6-14E2-4391-B143-406BB814F440} = {754F34DC-1500-4ED5-8AE4-9FD25F758FA5}
	EndGlobalSection
	GlobalSection(ExtensibilityGlobals) = postSolution
		SolutionGuid = {928A4226-96F3-409A-8A83-9E7444488710}
	EndGlobalSection
EndGlobal
