
Microsoft Visual Studio Solution File, Format Version 12.00
# Visual Studio 15
VisualStudioVersion = 15.0.26730.8
MinimumVisualStudioVersion = 10.0.40219.1
Project("{9A19103F-16F7-4668-BE54-9A1E7A4F7556}") = "MyDAL.Test.Func", "MyDAL.Test.Func\MyDAL.Test.Func.csproj", "{BF35B9CD-BAE0-49D8-AE0C-D88F5F2962CC}"
EndProject
Project("{9A19103F-16F7-4668-BE54-9A1E7A4F7556}") = "MyDAL.Test.ShortcutAPI", "MyDAL.Test.QuickAPI\MyDAL.Test.ShortcutAPI.csproj", "{054CCDC0-CB13-4AFC-AFA7-76651EF0947A}"
EndProject
Project("{9A19103F-16F7-4668-BE54-9A1E7A4F7556}") = "MyDAL.Test.QueryVM", "MyDAL.Test.QueryVM\MyDAL.Test.QueryVM.csproj", "{5B8C3CDE-7898-48B9-9088-10DB1159DC6C}"
EndProject
Project("{9A19103F-16F7-4668-BE54-9A1E7A4F7556}") = "MyDAL.Test.QueryVmColumn", "MyDAL.Test.QueryVmColumn\MyDAL.Test.QueryVmColumn.csproj", "{F226729C-F6F8-46AE-96ED-EA31BFBD94AD}"
EndProject
Project("{9A19103F-16F7-4668-BE54-9A1E7A4F7556}") = "MyDAL.Test.JoinQueryVmColumn", "MyDAL.Test.JoinQueryVmColumn\MyDAL.Test.JoinQueryVmColumn.csproj", "{78DF5419-A97D-4C48-B5C3-041E960F625D}"
EndProject
Project("{9A19103F-16F7-4668-BE54-9A1E7A4F7556}") = "MyDAL.Test.WhereEdge", "MyDAL.Test.WhereEdge\MyDAL.Test.WhereEdge.csproj", "{23BB258A-20BE-47A9-ACF7-F8D7D761C6E7}"
EndProject
Project("{9A19103F-16F7-4668-BE54-9A1E7A4F7556}") = "MyDAL.Test", "MyDAL.Test\MyDAL.Test.csproj", "{49257E37-9A65-4922-B1CF-D87BCA69F8B3}"
EndProject
Project("{9A19103F-16F7-4668-BE54-9A1E7A4F7556}") = "MyDAL.Test.Create", "MyDAL.Test.Create\MyDAL.Test.Create.csproj", "{002CC95A-956E-43D9-B11E-E6DC074512F4}"
EndProject
Project("{9A19103F-16F7-4668-BE54-9A1E7A4F7556}") = "MyDAL.Test.Delete", "MyDAL.Test.Delete\MyDAL.Test.Delete.csproj", "{F9E6BCBF-0052-4D8C-9D06-422EE47FFEEC}"
EndProject
Project("{9A19103F-16F7-4668-BE54-9A1E7A4F7556}") = "MyDAL.Test.Update", "MyDAL.Test.Update\MyDAL.Test.Update.csproj", "{8951837D-3FED-49DC-B8D0-04BF1B27A7A5}"
EndProject
Project("{9A19103F-16F7-4668-BE54-9A1E7A4F7556}") = "MyDAL.Test.QueryM", "MyDAL.Test.QueryM\MyDAL.Test.QueryM.csproj", "{731E7420-8FF4-4069-ACB9-6BFC18111946}"
EndProject
Project("{9A19103F-16F7-4668-BE54-9A1E7A4F7556}") = "MyDAL.Test.JoinQueryM", "MyDAL.Test.JoinQueryM\MyDAL.Test.JoinQueryM.csproj", "{FD8FFE8F-B6AC-4DEE-BF55-0BA7A5ACA10B}"
EndProject
Project("{9A19103F-16F7-4668-BE54-9A1E7A4F7556}") = "Yunyong.DataExchange", "MyDAL\Yunyong.DataExchange.csproj", "{46FFB09E-0514-4295-B706-C56A6D806505}"
EndProject
Project("{9A19103F-16F7-4668-BE54-9A1E7A4F7556}") = "MyDAL.Test.QuerySingleColumn", "MyDAL.Test.QuerySingleColumn\MyDAL.Test.QuerySingleColumn.csproj", "{766E1CC2-20B3-4612-BB2A-A8619F160511}"
EndProject
Project("{9A19103F-16F7-4668-BE54-9A1E7A4F7556}") = "MyDAL.Test.Parallel", "MyDAL.Test.QueryParallel\MyDAL.Test.Parallel.csproj", "{1B0C386F-488F-4C1F-B39A-DF60C060A6BE}"
EndProject
Global
	GlobalSection(SolutionConfigurationPlatforms) = preSolution
		Debug|Any CPU = Debug|Any CPU
		Release|Any CPU = Release|Any CPU
	EndGlobalSection
	GlobalSection(ProjectConfigurationPlatforms) = postSolution
		{BF35B9CD-BAE0-49D8-AE0C-D88F5F2962CC}.Debug|Any CPU.ActiveCfg = Debug|Any CPU
		{BF35B9CD-BAE0-49D8-AE0C-D88F5F2962CC}.Debug|Any CPU.Build.0 = Debug|Any CPU
		{BF35B9CD-BAE0-49D8-AE0C-D88F5F2962CC}.Release|Any CPU.ActiveCfg = Release|Any CPU
		{BF35B9CD-BAE0-49D8-AE0C-D88F5F2962CC}.Release|Any CPU.Build.0 = Release|Any CPU
		{054CCDC0-CB13-4AFC-AFA7-76651EF0947A}.Debug|Any CPU.ActiveCfg = Debug|Any CPU
		{054CCDC0-CB13-4AFC-AFA7-76651EF0947A}.Debug|Any CPU.Build.0 = Debug|Any CPU
		{054CCDC0-CB13-4AFC-AFA7-76651EF0947A}.Release|Any CPU.ActiveCfg = Release|Any CPU
		{054CCDC0-CB13-4AFC-AFA7-76651EF0947A}.Release|Any CPU.Build.0 = Release|Any CPU
		{5B8C3CDE-7898-48B9-9088-10DB1159DC6C}.Debug|Any CPU.ActiveCfg = Debug|Any CPU
		{5B8C3CDE-7898-48B9-9088-10DB1159DC6C}.Debug|Any CPU.Build.0 = Debug|Any CPU
		{5B8C3CDE-7898-48B9-9088-10DB1159DC6C}.Release|Any CPU.ActiveCfg = Release|Any CPU
		{5B8C3CDE-7898-48B9-9088-10DB1159DC6C}.Release|Any CPU.Build.0 = Release|Any CPU
		{F226729C-F6F8-46AE-96ED-EA31BFBD94AD}.Debug|Any CPU.ActiveCfg = Debug|Any CPU
		{F226729C-F6F8-46AE-96ED-EA31BFBD94AD}.Debug|Any CPU.Build.0 = Debug|Any CPU
		{F226729C-F6F8-46AE-96ED-EA31BFBD94AD}.Release|Any CPU.ActiveCfg = Release|Any CPU
		{F226729C-F6F8-46AE-96ED-EA31BFBD94AD}.Release|Any CPU.Build.0 = Release|Any CPU
		{78DF5419-A97D-4C48-B5C3-041E960F625D}.Debug|Any CPU.ActiveCfg = Debug|Any CPU
		{78DF5419-A97D-4C48-B5C3-041E960F625D}.Debug|Any CPU.Build.0 = Debug|Any CPU
		{78DF5419-A97D-4C48-B5C3-041E960F625D}.Release|Any CPU.ActiveCfg = Release|Any CPU
		{78DF5419-A97D-4C48-B5C3-041E960F625D}.Release|Any CPU.Build.0 = Release|Any CPU
		{23BB258A-20BE-47A9-ACF7-F8D7D761C6E7}.Debug|Any CPU.ActiveCfg = Debug|Any CPU
		{23BB258A-20BE-47A9-ACF7-F8D7D761C6E7}.Debug|Any CPU.Build.0 = Debug|Any CPU
		{23BB258A-20BE-47A9-ACF7-F8D7D761C6E7}.Release|Any CPU.ActiveCfg = Release|Any CPU
		{23BB258A-20BE-47A9-ACF7-F8D7D761C6E7}.Release|Any CPU.Build.0 = Release|Any CPU
		{49257E37-9A65-4922-B1CF-D87BCA69F8B3}.Debug|Any CPU.ActiveCfg = Debug|Any CPU
		{49257E37-9A65-4922-B1CF-D87BCA69F8B3}.Debug|Any CPU.Build.0 = Debug|Any CPU
		{49257E37-9A65-4922-B1CF-D87BCA69F8B3}.Release|Any CPU.ActiveCfg = Release|Any CPU
		{49257E37-9A65-4922-B1CF-D87BCA69F8B3}.Release|Any CPU.Build.0 = Release|Any CPU
		{002CC95A-956E-43D9-B11E-E6DC074512F4}.Debug|Any CPU.ActiveCfg = Debug|Any CPU
		{002CC95A-956E-43D9-B11E-E6DC074512F4}.Debug|Any CPU.Build.0 = Debug|Any CPU
		{002CC95A-956E-43D9-B11E-E6DC074512F4}.Release|Any CPU.ActiveCfg = Release|Any CPU
		{002CC95A-956E-43D9-B11E-E6DC074512F4}.Release|Any CPU.Build.0 = Release|Any CPU
		{F9E6BCBF-0052-4D8C-9D06-422EE47FFEEC}.Debug|Any CPU.ActiveCfg = Debug|Any CPU
		{F9E6BCBF-0052-4D8C-9D06-422EE47FFEEC}.Debug|Any CPU.Build.0 = Debug|Any CPU
		{F9E6BCBF-0052-4D8C-9D06-422EE47FFEEC}.Release|Any CPU.ActiveCfg = Release|Any CPU
		{F9E6BCBF-0052-4D8C-9D06-422EE47FFEEC}.Release|Any CPU.Build.0 = Release|Any CPU
		{8951837D-3FED-49DC-B8D0-04BF1B27A7A5}.Debug|Any CPU.ActiveCfg = Debug|Any CPU
		{8951837D-3FED-49DC-B8D0-04BF1B27A7A5}.Debug|Any CPU.Build.0 = Debug|Any CPU
		{8951837D-3FED-49DC-B8D0-04BF1B27A7A5}.Release|Any CPU.ActiveCfg = Release|Any CPU
		{8951837D-3FED-49DC-B8D0-04BF1B27A7A5}.Release|Any CPU.Build.0 = Release|Any CPU
		{731E7420-8FF4-4069-ACB9-6BFC18111946}.Debug|Any CPU.ActiveCfg = Debug|Any CPU
		{731E7420-8FF4-4069-ACB9-6BFC18111946}.Debug|Any CPU.Build.0 = Debug|Any CPU
		{731E7420-8FF4-4069-ACB9-6BFC18111946}.Release|Any CPU.ActiveCfg = Release|Any CPU
		{731E7420-8FF4-4069-ACB9-6BFC18111946}.Release|Any CPU.Build.0 = Release|Any CPU
		{FD8FFE8F-B6AC-4DEE-BF55-0BA7A5ACA10B}.Debug|Any CPU.ActiveCfg = Debug|Any CPU
		{FD8FFE8F-B6AC-4DEE-BF55-0BA7A5ACA10B}.Debug|Any CPU.Build.0 = Debug|Any CPU
		{FD8FFE8F-B6AC-4DEE-BF55-0BA7A5ACA10B}.Release|Any CPU.ActiveCfg = Release|Any CPU
		{FD8FFE8F-B6AC-4DEE-BF55-0BA7A5ACA10B}.Release|Any CPU.Build.0 = Release|Any CPU
<<<<<<< HEAD:YunYong_Tech.sln
		{46FFB09E-0514-4295-B706-C56A6D806505}.Debug|Any CPU.ActiveCfg = Debug|Any CPU
		{46FFB09E-0514-4295-B706-C56A6D806505}.Debug|Any CPU.Build.0 = Debug|Any CPU
		{46FFB09E-0514-4295-B706-C56A6D806505}.Release|Any CPU.ActiveCfg = Release|Any CPU
		{46FFB09E-0514-4295-B706-C56A6D806505}.Release|Any CPU.Build.0 = Release|Any CPU
=======
		{06C72481-97EA-45A9-BE4D-9ED33DACC9D5}.Debug|Any CPU.ActiveCfg = Debug|Any CPU
		{06C72481-97EA-45A9-BE4D-9ED33DACC9D5}.Debug|Any CPU.Build.0 = Debug|Any CPU
		{06C72481-97EA-45A9-BE4D-9ED33DACC9D5}.Release|Any CPU.ActiveCfg = Release|Any CPU
		{06C72481-97EA-45A9-BE4D-9ED33DACC9D5}.Release|Any CPU.Build.0 = Release|Any CPU
		{766E1CC2-20B3-4612-BB2A-A8619F160511}.Debug|Any CPU.ActiveCfg = Debug|Any CPU
		{766E1CC2-20B3-4612-BB2A-A8619F160511}.Debug|Any CPU.Build.0 = Debug|Any CPU
		{766E1CC2-20B3-4612-BB2A-A8619F160511}.Release|Any CPU.ActiveCfg = Release|Any CPU
		{766E1CC2-20B3-4612-BB2A-A8619F160511}.Release|Any CPU.Build.0 = Release|Any CPU
<<<<<<< HEAD:YunYong_Tech.sln
>>>>>>> 90209fd... [add] code refactor 11-19:MyDAL.sln
=======
		{1B0C386F-488F-4C1F-B39A-DF60C060A6BE}.Debug|Any CPU.ActiveCfg = Debug|Any CPU
		{1B0C386F-488F-4C1F-B39A-DF60C060A6BE}.Debug|Any CPU.Build.0 = Debug|Any CPU
		{1B0C386F-488F-4C1F-B39A-DF60C060A6BE}.Release|Any CPU.ActiveCfg = Release|Any CPU
		{1B0C386F-488F-4C1F-B39A-DF60C060A6BE}.Release|Any CPU.Build.0 = Release|Any CPU
>>>>>>> eeefb47... [add]  add x parallel:MyDAL.sln
	EndGlobalSection
	GlobalSection(SolutionProperties) = preSolution
		HideSolutionNode = FALSE
	EndGlobalSection
	GlobalSection(ExtensibilityGlobals) = postSolution
		SolutionGuid = {928A4226-96F3-409A-8A83-9E7444488710}
	EndGlobalSection
EndGlobal
