
Microsoft Visual Studio Solution File, Format Version 12.00
# Visual Studio 15
VisualStudioVersion = 15.0.26730.8
MinimumVisualStudioVersion = 10.0.40219.1
Project("{9A19103F-16F7-4668-BE54-9A1E7A4F7556}") = "MyDAL.Test", "MyDAL.Test\MyDAL.Test.csproj", "{49257E37-9A65-4922-B1CF-D87BCA69F8B3}"
EndProject
Project("{2150E333-8FDC-42A3-9474-1A3956D46DE8}") = "NetCore21", "NetCore21", "{01469E72-6B01-413A-832F-9777EA94EB8D}"
EndProject
Project("{2150E333-8FDC-42A3-9474-1A3956D46DE8}") = "Net461", "Net461", "{B620FBF7-97BF-4502-9E7B-27C827D51147}"
EndProject
Project("{9A19103F-16F7-4668-BE54-9A1E7A4F7556}") = "MyDAL.Test.NetCore", "MyDAL.Test.NetCore\MyDAL.Test.NetCore.csproj", "{1348EF0E-E7D4-453A-A7A7-AFAAB2138F6C}"
EndProject
Project("{FAE04EC0-301F-11D3-BF4B-00C04F79EFBC}") = "MyDAL.Test.NetFramework", "MyDAL.Test.NetFramework\MyDAL.Test.NetFramework.csproj", "{EBF2A805-C7A5-4A09-9157-8A2AB8E3A120}"
EndProject
Project("{9A19103F-16F7-4668-BE54-9A1E7A4F7556}") = "MyDAL.Test.Create", "NetCore21\MyDAL.Test.Create\MyDAL.Test.Create.csproj", "{5829C0AC-E4EC-48F1-8533-408A8B72B304}"
EndProject
Project("{9A19103F-16F7-4668-BE54-9A1E7A4F7556}") = "MyDAL.Test.Delete", "NetCore21\MyDAL.Test.Delete\MyDAL.Test.Delete.csproj", "{A74BB1A4-934F-4694-9DA8-50901BA15315}"
EndProject
Project("{9A19103F-16F7-4668-BE54-9A1E7A4F7556}") = "MyDAL.Test.Func", "NetCore21\MyDAL.Test.Func\MyDAL.Test.Func.csproj", "{C2BD5791-F7B1-4728-A7AF-569DDA9EF9F7}"
EndProject
Project("{9A19103F-16F7-4668-BE54-9A1E7A4F7556}") = "MyDAL.Test.JoinQueryM", "NetCore21\MyDAL.Test.JoinQueryM\MyDAL.Test.JoinQueryM.csproj", "{B74FBE94-2C47-484A-BFC7-878206B7803E}"
EndProject
Project("{9A19103F-16F7-4668-BE54-9A1E7A4F7556}") = "MyDAL.Test.JoinQuerySingleColumn", "NetCore21\MyDAL.Test.JoinQuerySingleColumn\MyDAL.Test.JoinQuerySingleColumn.csproj", "{104A819C-3963-4A49-8BC6-A475EB266621}"
EndProject
Project("{9A19103F-16F7-4668-BE54-9A1E7A4F7556}") = "MyDAL.Test.JoinQueryVmColumn", "NetCore21\MyDAL.Test.JoinQueryVmColumn\MyDAL.Test.JoinQueryVmColumn.csproj", "{628D9214-6D42-4767-921B-29BA44057A13}"
EndProject
Project("{9A19103F-16F7-4668-BE54-9A1E7A4F7556}") = "Yunyong.DataExchange", "MyDAL\Yunyong.DataExchange.csproj", "{46FFB09E-0514-4295-B706-C56A6D806505}"
EndProject
Project("{9A19103F-16F7-4668-BE54-9A1E7A4F7556}") = "MyDAL.Test.QueryM", "NetCore21\MyDAL.Test.QueryM\MyDAL.Test.QueryM.csproj", "{26D333AB-EA77-4704-9D8F-8C93065AC577}"
EndProject
Project("{9A19103F-16F7-4668-BE54-9A1E7A4F7556}") = "MyDAL.Test.QuerySingleColumn", "NetCore21\MyDAL.Test.QuerySingleColumn\MyDAL.Test.QuerySingleColumn.csproj", "{C09FA3A6-2CE8-462E-9CAE-A9EFF9775B7C}"
EndProject
Project("{9A19103F-16F7-4668-BE54-9A1E7A4F7556}") = "MyDAL.Test.QueryVM", "NetCore21\MyDAL.Test.QueryVM\MyDAL.Test.QueryVM.csproj", "{17BA17D8-19B5-4836-A4CF-E69F0743265E}"
EndProject
Project("{9A19103F-16F7-4668-BE54-9A1E7A4F7556}") = "MyDAL.Test.QueryVmColumn", "NetCore21\MyDAL.Test.QueryVmColumn\MyDAL.Test.QueryVmColumn.csproj", "{B12027D6-F86E-4BB8-B0CD-D497B7D2B6E6}"
EndProject
Project("{9A19103F-16F7-4668-BE54-9A1E7A4F7556}") = "MyDAL.Test.ShortcutAPI", "NetCore21\MyDAL.Test.ShortcutAPI\MyDAL.Test.ShortcutAPI.csproj", "{9DF599AB-BAF4-4B25-8737-A4CBE713A6A2}"
EndProject
Project("{9A19103F-16F7-4668-BE54-9A1E7A4F7556}") = "MyDAL.Test.Update", "NetCore21\MyDAL.Test.Update\MyDAL.Test.Update.csproj", "{BBF02104-5708-4EC8-B53C-E3CD604CDCDD}"
EndProject
Project("{9A19103F-16F7-4668-BE54-9A1E7A4F7556}") = "MyDAL.Test.WhereEdge", "NetCore21\MyDAL.Test.WhereEdge\MyDAL.Test.WhereEdge.csproj", "{B3CCC64B-606E-45A0-8B54-7FD3103882DC}"
EndProject
Project("{9A19103F-16F7-4668-BE54-9A1E7A4F7556}") = "MyDAL.Test.Parallel", "MyDAL.Test.Parallel\MyDAL.Test.Parallel.csproj", "{C4D2355B-C9A1-4C9D-95FD-ACAFD40B7701}"
EndProject
Global
	GlobalSection(SolutionConfigurationPlatforms) = preSolution
		Debug|Any CPU = Debug|Any CPU
		Release|Any CPU = Release|Any CPU
	EndGlobalSection
	GlobalSection(ProjectConfigurationPlatforms) = postSolution
		{49257E37-9A65-4922-B1CF-D87BCA69F8B3}.Debug|Any CPU.ActiveCfg = Debug|Any CPU
		{49257E37-9A65-4922-B1CF-D87BCA69F8B3}.Debug|Any CPU.Build.0 = Debug|Any CPU
		{49257E37-9A65-4922-B1CF-D87BCA69F8B3}.Release|Any CPU.ActiveCfg = Release|Any CPU
		{49257E37-9A65-4922-B1CF-D87BCA69F8B3}.Release|Any CPU.Build.0 = Release|Any CPU
		{1348EF0E-E7D4-453A-A7A7-AFAAB2138F6C}.Debug|Any CPU.ActiveCfg = Debug|Any CPU
		{1348EF0E-E7D4-453A-A7A7-AFAAB2138F6C}.Debug|Any CPU.Build.0 = Debug|Any CPU
		{1348EF0E-E7D4-453A-A7A7-AFAAB2138F6C}.Release|Any CPU.ActiveCfg = Release|Any CPU
		{1348EF0E-E7D4-453A-A7A7-AFAAB2138F6C}.Release|Any CPU.Build.0 = Release|Any CPU
		{EBF2A805-C7A5-4A09-9157-8A2AB8E3A120}.Debug|Any CPU.ActiveCfg = Debug|Any CPU
		{EBF2A805-C7A5-4A09-9157-8A2AB8E3A120}.Debug|Any CPU.Build.0 = Debug|Any CPU
		{EBF2A805-C7A5-4A09-9157-8A2AB8E3A120}.Release|Any CPU.ActiveCfg = Release|Any CPU
		{EBF2A805-C7A5-4A09-9157-8A2AB8E3A120}.Release|Any CPU.Build.0 = Release|Any CPU
		{5829C0AC-E4EC-48F1-8533-408A8B72B304}.Debug|Any CPU.ActiveCfg = Debug|Any CPU
		{5829C0AC-E4EC-48F1-8533-408A8B72B304}.Debug|Any CPU.Build.0 = Debug|Any CPU
		{5829C0AC-E4EC-48F1-8533-408A8B72B304}.Release|Any CPU.ActiveCfg = Release|Any CPU
		{5829C0AC-E4EC-48F1-8533-408A8B72B304}.Release|Any CPU.Build.0 = Release|Any CPU
		{A74BB1A4-934F-4694-9DA8-50901BA15315}.Debug|Any CPU.ActiveCfg = Debug|Any CPU
		{A74BB1A4-934F-4694-9DA8-50901BA15315}.Debug|Any CPU.Build.0 = Debug|Any CPU
		{A74BB1A4-934F-4694-9DA8-50901BA15315}.Release|Any CPU.ActiveCfg = Release|Any CPU
		{A74BB1A4-934F-4694-9DA8-50901BA15315}.Release|Any CPU.Build.0 = Release|Any CPU
		{C2BD5791-F7B1-4728-A7AF-569DDA9EF9F7}.Debug|Any CPU.ActiveCfg = Debug|Any CPU
		{C2BD5791-F7B1-4728-A7AF-569DDA9EF9F7}.Debug|Any CPU.Build.0 = Debug|Any CPU
		{C2BD5791-F7B1-4728-A7AF-569DDA9EF9F7}.Release|Any CPU.ActiveCfg = Release|Any CPU
		{C2BD5791-F7B1-4728-A7AF-569DDA9EF9F7}.Release|Any CPU.Build.0 = Release|Any CPU
		{B74FBE94-2C47-484A-BFC7-878206B7803E}.Debug|Any CPU.ActiveCfg = Debug|Any CPU
		{B74FBE94-2C47-484A-BFC7-878206B7803E}.Debug|Any CPU.Build.0 = Debug|Any CPU
		{B74FBE94-2C47-484A-BFC7-878206B7803E}.Release|Any CPU.ActiveCfg = Release|Any CPU
		{B74FBE94-2C47-484A-BFC7-878206B7803E}.Release|Any CPU.Build.0 = Release|Any CPU
		{104A819C-3963-4A49-8BC6-A475EB266621}.Debug|Any CPU.ActiveCfg = Debug|Any CPU
		{104A819C-3963-4A49-8BC6-A475EB266621}.Debug|Any CPU.Build.0 = Debug|Any CPU
		{104A819C-3963-4A49-8BC6-A475EB266621}.Release|Any CPU.ActiveCfg = Release|Any CPU
		{104A819C-3963-4A49-8BC6-A475EB266621}.Release|Any CPU.Build.0 = Release|Any CPU
		{628D9214-6D42-4767-921B-29BA44057A13}.Debug|Any CPU.ActiveCfg = Debug|Any CPU
		{628D9214-6D42-4767-921B-29BA44057A13}.Debug|Any CPU.Build.0 = Debug|Any CPU
		{628D9214-6D42-4767-921B-29BA44057A13}.Release|Any CPU.ActiveCfg = Release|Any CPU
		{628D9214-6D42-4767-921B-29BA44057A13}.Release|Any CPU.Build.0 = Release|Any CPU
		{46FFB09E-0514-4295-B706-C56A6D806505}.Debug|Any CPU.ActiveCfg = Debug|Any CPU
		{46FFB09E-0514-4295-B706-C56A6D806505}.Debug|Any CPU.Build.0 = Debug|Any CPU
		{46FFB09E-0514-4295-B706-C56A6D806505}.Release|Any CPU.ActiveCfg = Release|Any CPU
		{46FFB09E-0514-4295-B706-C56A6D806505}.Release|Any CPU.Build.0 = Release|Any CPU
		{26D333AB-EA77-4704-9D8F-8C93065AC577}.Debug|Any CPU.ActiveCfg = Debug|Any CPU
		{26D333AB-EA77-4704-9D8F-8C93065AC577}.Debug|Any CPU.Build.0 = Debug|Any CPU
		{26D333AB-EA77-4704-9D8F-8C93065AC577}.Release|Any CPU.ActiveCfg = Release|Any CPU
		{26D333AB-EA77-4704-9D8F-8C93065AC577}.Release|Any CPU.Build.0 = Release|Any CPU
		{C09FA3A6-2CE8-462E-9CAE-A9EFF9775B7C}.Debug|Any CPU.ActiveCfg = Debug|Any CPU
		{C09FA3A6-2CE8-462E-9CAE-A9EFF9775B7C}.Debug|Any CPU.Build.0 = Debug|Any CPU
		{C09FA3A6-2CE8-462E-9CAE-A9EFF9775B7C}.Release|Any CPU.ActiveCfg = Release|Any CPU
		{C09FA3A6-2CE8-462E-9CAE-A9EFF9775B7C}.Release|Any CPU.Build.0 = Release|Any CPU
		{17BA17D8-19B5-4836-A4CF-E69F0743265E}.Debug|Any CPU.ActiveCfg = Debug|Any CPU
		{17BA17D8-19B5-4836-A4CF-E69F0743265E}.Debug|Any CPU.Build.0 = Debug|Any CPU
		{17BA17D8-19B5-4836-A4CF-E69F0743265E}.Release|Any CPU.ActiveCfg = Release|Any CPU
		{17BA17D8-19B5-4836-A4CF-E69F0743265E}.Release|Any CPU.Build.0 = Release|Any CPU
		{B12027D6-F86E-4BB8-B0CD-D497B7D2B6E6}.Debug|Any CPU.ActiveCfg = Debug|Any CPU
		{B12027D6-F86E-4BB8-B0CD-D497B7D2B6E6}.Debug|Any CPU.Build.0 = Debug|Any CPU
		{B12027D6-F86E-4BB8-B0CD-D497B7D2B6E6}.Release|Any CPU.ActiveCfg = Release|Any CPU
		{B12027D6-F86E-4BB8-B0CD-D497B7D2B6E6}.Release|Any CPU.Build.0 = Release|Any CPU
		{9DF599AB-BAF4-4B25-8737-A4CBE713A6A2}.Debug|Any CPU.ActiveCfg = Debug|Any CPU
		{9DF599AB-BAF4-4B25-8737-A4CBE713A6A2}.Debug|Any CPU.Build.0 = Debug|Any CPU
		{9DF599AB-BAF4-4B25-8737-A4CBE713A6A2}.Release|Any CPU.ActiveCfg = Release|Any CPU
		{9DF599AB-BAF4-4B25-8737-A4CBE713A6A2}.Release|Any CPU.Build.0 = Release|Any CPU
		{BBF02104-5708-4EC8-B53C-E3CD604CDCDD}.Debug|Any CPU.ActiveCfg = Debug|Any CPU
		{BBF02104-5708-4EC8-B53C-E3CD604CDCDD}.Debug|Any CPU.Build.0 = Debug|Any CPU
		{BBF02104-5708-4EC8-B53C-E3CD604CDCDD}.Release|Any CPU.ActiveCfg = Release|Any CPU
		{BBF02104-5708-4EC8-B53C-E3CD604CDCDD}.Release|Any CPU.Build.0 = Release|Any CPU
		{B3CCC64B-606E-45A0-8B54-7FD3103882DC}.Debug|Any CPU.ActiveCfg = Debug|Any CPU
		{B3CCC64B-606E-45A0-8B54-7FD3103882DC}.Debug|Any CPU.Build.0 = Debug|Any CPU
		{B3CCC64B-606E-45A0-8B54-7FD3103882DC}.Release|Any CPU.ActiveCfg = Release|Any CPU
		{B3CCC64B-606E-45A0-8B54-7FD3103882DC}.Release|Any CPU.Build.0 = Release|Any CPU
		{C4D2355B-C9A1-4C9D-95FD-ACAFD40B7701}.Debug|Any CPU.ActiveCfg = Debug|Any CPU
		{C4D2355B-C9A1-4C9D-95FD-ACAFD40B7701}.Debug|Any CPU.Build.0 = Debug|Any CPU
		{C4D2355B-C9A1-4C9D-95FD-ACAFD40B7701}.Release|Any CPU.ActiveCfg = Release|Any CPU
		{C4D2355B-C9A1-4C9D-95FD-ACAFD40B7701}.Release|Any CPU.Build.0 = Release|Any CPU
	EndGlobalSection
	GlobalSection(SolutionProperties) = preSolution
		HideSolutionNode = FALSE
	EndGlobalSection
	GlobalSection(NestedProjects) = preSolution
		{5829C0AC-E4EC-48F1-8533-408A8B72B304} = {01469E72-6B01-413A-832F-9777EA94EB8D}
		{A74BB1A4-934F-4694-9DA8-50901BA15315} = {01469E72-6B01-413A-832F-9777EA94EB8D}
		{C2BD5791-F7B1-4728-A7AF-569DDA9EF9F7} = {01469E72-6B01-413A-832F-9777EA94EB8D}
		{B74FBE94-2C47-484A-BFC7-878206B7803E} = {01469E72-6B01-413A-832F-9777EA94EB8D}
		{104A819C-3963-4A49-8BC6-A475EB266621} = {01469E72-6B01-413A-832F-9777EA94EB8D}
		{628D9214-6D42-4767-921B-29BA44057A13} = {01469E72-6B01-413A-832F-9777EA94EB8D}
		{26D333AB-EA77-4704-9D8F-8C93065AC577} = {01469E72-6B01-413A-832F-9777EA94EB8D}
		{C09FA3A6-2CE8-462E-9CAE-A9EFF9775B7C} = {01469E72-6B01-413A-832F-9777EA94EB8D}
		{17BA17D8-19B5-4836-A4CF-E69F0743265E} = {01469E72-6B01-413A-832F-9777EA94EB8D}
		{B12027D6-F86E-4BB8-B0CD-D497B7D2B6E6} = {01469E72-6B01-413A-832F-9777EA94EB8D}
		{9DF599AB-BAF4-4B25-8737-A4CBE713A6A2} = {01469E72-6B01-413A-832F-9777EA94EB8D}
		{BBF02104-5708-4EC8-B53C-E3CD604CDCDD} = {01469E72-6B01-413A-832F-9777EA94EB8D}
		{B3CCC64B-606E-45A0-8B54-7FD3103882DC} = {01469E72-6B01-413A-832F-9777EA94EB8D}
	EndGlobalSection
	GlobalSection(ExtensibilityGlobals) = postSolution
		SolutionGuid = {928A4226-96F3-409A-8A83-9E7444488710}
	EndGlobalSection
EndGlobal
